
Microsoft Visual Studio Solution File, Format Version 12.00
# Visual Studio Version 17
VisualStudioVersion = 17.7.34031.279
MinimumVisualStudioVersion = 10.0.40219.1
Project("{9A19103F-16F7-4668-BE54-9A1E7A4F7556}") = "JamesRecipes", "JamesRecipes.csproj", "{0D1A86CE-C7E6-42D8-BF57-ACE620F5D3A4}"
EndProject
Global
	GlobalSection(SolutionConfigurationPlatforms) = preSolution
		Debug|Any CPU = Debug|Any CPU
		Release|Any CPU = Release|Any CPU
	EndGlobalSection
	GlobalSection(ProjectConfigurationPlatforms) = postSolution
		{0D1A86CE-C7E6-42D8-BF57-ACE620F5D3A4}.Debug|Any CPU.ActiveCfg = Debug|Any CPU
		{0D1A86CE-C7E6-42D8-BF57-ACE620F5D3A4}.Debug|Any CPU.Build.0 = Debug|Any CPU
		{0D1A86CE-C7E6-42D8-BF57-ACE620F5D3A4}.Release|Any CPU.ActiveCfg = Release|Any CPU
		{0D1A86CE-C7E6-42D8-BF57-ACE620F5D3A4}.Release|Any CPU.Build.0 = Release|Any CPU
	EndGlobalSection
	GlobalSection(SolutionProperties) = preSolution
		HideSolutionNode = FALSE
	EndGlobalSection
	GlobalSection(ExtensibilityGlobals) = postSolution
		SolutionGuid = {349B8198-FF50-4045-A582-60B8BB14D7DE}
	EndGlobalSection
EndGlobal
